
Microsoft Visual Studio Solution File, Format Version 12.00
# Visual Studio Version 17
VisualStudioVersion = 17.8.34525.116
MinimumVisualStudioVersion = 10.0.40219.1
Project("{9A19103F-16F7-4668-BE54-9A1E7A4F7556}") = "SudokuApp", "SudokuApp.csproj", "{E8475915-0510-4146-895F-ADE481D26F22}"
EndProject
Project("{2150E333-8FDC-42A3-9474-1A3956D46DE8}") = "Solution Items", "Solution Items", "{DDAEE57F-C00F-4DD0-9349-97D5861E6613}"
	ProjectSection(SolutionItems) = preProject
		.editorconfig = .editorconfig
	EndProjectSection
EndProject
Global
	GlobalSection(SolutionConfigurationPlatforms) = preSolution
		Debug|Any CPU = Debug|Any CPU
		Release|Any CPU = Release|Any CPU
	EndGlobalSection
	GlobalSection(ProjectConfigurationPlatforms) = postSolution
		{E8475915-0510-4146-895F-ADE481D26F22}.Debug|Any CPU.ActiveCfg = Debug|Any CPU
		{E8475915-0510-4146-895F-ADE481D26F22}.Debug|Any CPU.Build.0 = Debug|Any CPU
		{E8475915-0510-4146-895F-ADE481D26F22}.Debug|Any CPU.Deploy.0 = Debug|Any CPU
		{E8475915-0510-4146-895F-ADE481D26F22}.Release|Any CPU.ActiveCfg = Release|Any CPU
		{E8475915-0510-4146-895F-ADE481D26F22}.Release|Any CPU.Build.0 = Release|Any CPU
		{E8475915-0510-4146-895F-ADE481D26F22}.Release|Any CPU.Deploy.0 = Release|Any CPU
	EndGlobalSection
	GlobalSection(SolutionProperties) = preSolution
		HideSolutionNode = FALSE
	EndGlobalSection
	GlobalSection(ExtensibilityGlobals) = postSolution
		SolutionGuid = {0D9900B5-22B3-49E5-A9BC-D3A54B0E2F82}
	EndGlobalSection
EndGlobal
